Microsoft Visual Studio Solution File, Format Version 12.00
# Visual Studio Version 17
VisualStudioVersion = 17.0.31903.59
MinimumVisualStudioVersion = 10.0.40219.1
Project("{FAE04EC0-301F-11D3-BF4B-00C04F79EFBC}") = "CornwallRoom", "CornellRoomRayTracer\CornwallRoom.csproj", "{B7A0AF1B-7A7E-4C6E-8FC5-6B5A1C7E4F2D}"
EndProject
Global
	GlobalSection(SolutionConfigurationPlatforms) = preSolution
		Debug|Any CPU = Debug|Any CPU
		Release|Any CPU = Release|Any CPU
	EndGlobalSection
	GlobalSection(ProjectConfigurationPlatforms) = postSolution
		{B7A0AF1B-7A7E-4C6E-8FC5-6B5A1C7E4F2D}.Debug|Any CPU.ActiveCfg = Debug|Any CPU
		{B7A0AF1B-7A7E-4C6E-8FC5-6B5A1C7E4F2D}.Debug|Any CPU.Build.0 = Debug|Any CPU
		{B7A0AF1B-7A7E-4C6E-8FC5-6B5A1C7E4F2D}.Release|Any CPU.ActiveCfg = Release|Any CPU
		{B7A0AF1B-7A7E-4C6E-8FC5-6B5A1C7E4F2D}.Release|Any CPU.Build.0 = Release|Any CPU
	EndGlobalSection
	GlobalSection(SolutionProperties) = preSolution
		HideSolutionNode = FALSE
	EndGlobalSection
	GlobalSection(ExtensibilityGlobals) = postSolution
		SolutionGuid = {9E6BC489-B7D3-4B6F-844F-04DC4F5ABFC8}
	EndGlobalSection
EndGlobal
